// !$*UTF8*$!
{
	archiveVersion = 1;
	classes = {
	};
	objectVersion = 55;
	objects = {

/* Begin PBXBuildFile section */
		143864F028FEF30200A91620 /* Home.swift in Sources */ = {isa = PBXBuildFile; fileRef = 143864EF28FEF30200A91620 /* Home.swift */; };
		143864F328FEF6E300A91620 /* ButtonView.swift in Sources */ = {isa = PBXBuildFile; fileRef = 143864F228FEF6E300A91620 /* ButtonView.swift */; };
		143864F528FEF81E00A91620 /* NavBar.swift in Sources */ = {isa = PBXBuildFile; fileRef = 143864F428FEF81E00A91620 /* NavBar.swift */; };
		14731A62291ABE75006079FA /* ImagePicker.swift in Sources */ = {isa = PBXBuildFile; fileRef = 14731A61291ABE75006079FA /* ImagePicker.swift */; };
		147850B728F5DA7D00439EBC /* FirebaseAnalytics in Frameworks */ = {isa = PBXBuildFile; productRef = 147850B628F5DA7D00439EBC /* FirebaseAnalytics */; };
		147850B928F5DA7D00439EBC /* FirebaseAuth in Frameworks */ = {isa = PBXBuildFile; productRef = 147850B828F5DA7D00439EBC /* FirebaseAuth */; };
		147850BB28F5DA7D00439EBC /* FirebaseFirestore in Frameworks */ = {isa = PBXBuildFile; productRef = 147850BA28F5DA7D00439EBC /* FirebaseFirestore */; };
		147850BD28F5DA7D00439EBC /* FirebaseStorage in Frameworks */ = {isa = PBXBuildFile; productRef = 147850BC28F5DA7D00439EBC /* FirebaseStorage */; };
		147850BF28F5DAB400439EBC /* AppDelegate.swift in Sources */ = {isa = PBXBuildFile; fileRef = 147850BE28F5DAB400439EBC /* AppDelegate.swift */; };
		147850C228F5DD9600439EBC /* FirebaseViewModel.swift in Sources */ = {isa = PBXBuildFile; fileRef = 147850C128F5DD9600439EBC /* FirebaseViewModel.swift */; };
		147850C528F5DFF000439EBC /* Login.swift in Sources */ = {isa = PBXBuildFile; fileRef = 147850C428F5DFF000439EBC /* Login.swift */; };
		14B71EA3291182BD00CE1371 /* CardView.swift in Sources */ = {isa = PBXBuildFile; fileRef = 14B71EA2291182BD00CE1371 /* CardView.swift */; };
		14B71EA729119DE500CE1371 /* AddView.swift in Sources */ = {isa = PBXBuildFile; fileRef = 14B71EA629119DE500CE1371 /* AddView.swift */; };
		14ECC2CA28F5D29100F80722 /* IphoneIpadFirebaseApp.swift in Sources */ = {isa = PBXBuildFile; fileRef = 14ECC2C928F5D29100F80722 /* IphoneIpadFirebaseApp.swift */; };
		14ECC2CC28F5D29100F80722 /* ContentView.swift in Sources */ = {isa = PBXBuildFile; fileRef = 14ECC2CB28F5D29100F80722 /* ContentView.swift */; };
		14ECC2CE28F5D29400F80722 /* Assets.xcassets in Resources */ = {isa = PBXBuildFile; fileRef = 14ECC2CD28F5D29400F80722 /* Assets.xcassets */; };
		14ECC2D128F5D29400F80722 /* Preview Assets.xcassets in Resources */ = {isa = PBXBuildFile; fileRef = 14ECC2D028F5D29400F80722 /* Preview Assets.xcassets */; };
		7521B38D291E09160057DFB4 /* GoogleService-Info.plist in Resources */ = {isa = PBXBuildFile; fileRef = 7521B38C291E09160057DFB4 /* GoogleService-Info.plist */; };
		7521B390291E14C00057DFB4 /* FirebaseModel.swift in Sources */ = {isa = PBXBuildFile; fileRef = 7521B38F291E14C00057DFB4 /* FirebaseModel.swift */; };
		7521B393291E18D80057DFB4 /* PortadaViewModel.swift in Sources */ = {isa = PBXBuildFile; fileRef = 7521B392291E18D80057DFB4 /* PortadaViewModel.swift */; };
/* End PBXBuildFile section */

/* Begin PBXFileReference section */
		143864EF28FEF30200A91620 /* Home.swift */ = {isa = PBXFileReference; lastKnownFileType = sourcecode.swift; path = Home.swift; sourceTree = "<group>"; };
		143864F228FEF6E300A91620 /* ButtonView.swift */ = {isa = PBXFileReference; lastKnownFileType = sourcecode.swift; path = ButtonView.swift; sourceTree = "<group>"; };
		143864F428FEF81E00A91620 /* NavBar.swift */ = {isa = PBXFileReference; lastKnownFileType = sourcecode.swift; path = NavBar.swift; sourceTree = "<group>"; };
		14731A61291ABE75006079FA /* ImagePicker.swift */ = {isa = PBXFileReference; lastKnownFileType = sourcecode.swift; path = ImagePicker.swift; sourceTree = "<group>"; };
		147850BE28F5DAB400439EBC /* AppDelegate.swift */ = {isa = PBXFileReference; lastKnownFileType = sourcecode.swift; path = AppDelegate.swift; sourceTree = "<group>"; };
		147850C128F5DD9600439EBC /* FirebaseViewModel.swift */ = {isa = PBXFileReference; lastKnownFileType = sourcecode.swift; path = FirebaseViewModel.swift; sourceTree = "<group>"; };
		147850C428F5DFF000439EBC /* Login.swift */ = {isa = PBXFileReference; lastKnownFileType = sourcecode.swift; path = Login.swift; sourceTree = "<group>"; };
		14B71EA2291182BD00CE1371 /* CardView.swift */ = {isa = PBXFileReference; lastKnownFileType = sourcecode.swift; path = CardView.swift; sourceTree = "<group>"; };
		14B71EA629119DE500CE1371 /* AddView.swift */ = {isa = PBXFileReference; lastKnownFileType = sourcecode.swift; path = AddView.swift; sourceTree = "<group>"; };
		14ECC2C628F5D29100F80722 /* IphoneIpadFirebase.app */ = {isa = PBXFileReference; explicitFileType = wrapper.application; includeInIndex = 0; path = IphoneIpadFirebase.app; sourceTree = BUILT_PRODUCTS_DIR; };
		14ECC2C928F5D29100F80722 /* IphoneIpadFirebaseApp.swift */ = {isa = PBXFileReference; lastKnownFileType = sourcecode.swift; path = IphoneIpadFirebaseApp.swift; sourceTree = "<group>"; };
		14ECC2CB28F5D29100F80722 /* ContentView.swift */ = {isa = PBXFileReference; lastKnownFileType = sourcecode.swift; path = ContentView.swift; sourceTree = "<group>"; };
		14ECC2CD28F5D29400F80722 /* Assets.xcassets */ = {isa = PBXFileReference; lastKnownFileType = folder.assetcatalog; path = Assets.xcassets; sourceTree = "<group>"; };
		14ECC2D028F5D29400F80722 /* Preview Assets.xcassets */ = {isa = PBXFileReference; lastKnownFileType = folder.assetcatalog; path = "Preview Assets.xcassets"; sourceTree = "<group>"; };
		7521B38C291E09160057DFB4 /* GoogleService-Info.plist */ = {isa = PBXFileReference; fileEncoding = 4; lastKnownFileType = text.plist.xml; name = "GoogleService-Info.plist"; path = "../../../../Downloads/GoogleService-Info.plist"; sourceTree = "<group>"; };
		7521B38F291E14C00057DFB4 /* FirebaseModel.swift */ = {isa = PBXFileReference; lastKnownFileType = sourcecode.swift; path = FirebaseModel.swift; sourceTree = "<group>"; };
		7521B392291E18D80057DFB4 /* PortadaViewModel.swift */ = {isa = PBXFileReference; lastKnownFileType = sourcecode.swift; path = PortadaViewModel.swift; sourceTree = "<group>"; };
/* End PBXFileReference section */

/* Begin PBXFrameworksBuildPhase section */
		14ECC2C328F5D29100F80722 /* Frameworks */ = {
			isa = PBXFrameworksBuildPhase;
			buildActionMask = 2147483647;
			files = (
				147850B728F5DA7D00439EBC /* FirebaseAnalytics in Frameworks */,
				147850BD28F5DA7D00439EBC /* FirebaseStorage in Frameworks */,
				147850B928F5DA7D00439EBC /* FirebaseAuth in Frameworks */,
				147850BB28F5DA7D00439EBC /* FirebaseFirestore in Frameworks */,
			);
			runOnlyForDeploymentPostprocessing = 0;
		};
/* End PBXFrameworksBuildPhase section */

/* Begin PBXGroup section */
		143864F128FEF6CC00A91620 /* Elementos */ = {
			isa = PBXGroup;
			children = (
				143864F228FEF6E300A91620 /* ButtonView.swift */,
				143864F428FEF81E00A91620 /* NavBar.swift */,
				14B71EA2291182BD00CE1371 /* CardView.swift */,
				14731A61291ABE75006079FA /* ImagePicker.swift */,
			);
			path = Elementos;
			sourceTree = "<group>";
		};
		147850C028F5DD7E00439EBC /* ViewModel */ = {
			isa = PBXGroup;
			children = (
				147850C128F5DD9600439EBC /* FirebaseViewModel.swift */,
			);
			path = ViewModel;
			sourceTree = "<group>";
		};
		147850C328F5DFC800439EBC /* View */ = {
			isa = PBXGroup;
			children = (
				143864F128FEF6CC00A91620 /* Elementos */,
				147850C428F5DFF000439EBC /* Login.swift */,
				143864EF28FEF30200A91620 /* Home.swift */,
				14B71EA629119DE500CE1371 /* AddView.swift */,
			);
			path = View;
			sourceTree = "<group>";
		};
		14ECC2BD28F5D29100F80722 = {
			isa = PBXGroup;
			children = (
				14ECC2C828F5D29100F80722 /* IphoneIpadFirebase */,
				14ECC2C728F5D29100F80722 /* Products */,
			);
			sourceTree = "<group>";
		};
		14ECC2C728F5D29100F80722 /* Products */ = {
			isa = PBXGroup;
			children = (
				14ECC2C628F5D29100F80722 /* IphoneIpadFirebase.app */,
			);
			name = Products;
			sourceTree = "<group>";
		};
		14ECC2C828F5D29100F80722 /* IphoneIpadFirebase */ = {
			isa = PBXGroup;
			children = (
				7521B38E291E149F0057DFB4 /* Model */,
				147850C328F5DFC800439EBC /* View */,
				7521B38C291E09160057DFB4 /* GoogleService-Info.plist */,
				147850C028F5DD7E00439EBC /* ViewModel */,
				14ECC2C928F5D29100F80722 /* IphoneIpadFirebaseApp.swift */,
				14ECC2CB28F5D29100F80722 /* ContentView.swift */,
				14ECC2CD28F5D29400F80722 /* Assets.xcassets */,
				14ECC2CF28F5D29400F80722 /* Preview Content */,
				147850BE28F5DAB400439EBC /* AppDelegate.swift */,
			);
			path = IphoneIpadFirebase;
			sourceTree = "<group>";
		};
		14ECC2CF28F5D29400F80722 /* Preview Content */ = {
			isa = PBXGroup;
			children = (
				14ECC2D028F5D29400F80722 /* Preview Assets.xcassets */,
			);
			path = "Preview Content";
			sourceTree = "<group>";
		};
		7521B38E291E149F0057DFB4 /* Model */ = {
			isa = PBXGroup;
			children = (
				7521B38F291E14C00057DFB4 /* FirebaseModel.swift */,
				7521B392291E18D80057DFB4 /* PortadaViewModel.swift */,
			);
			path = Model;
			sourceTree = "<group>";
		};
/* End PBXGroup section */

/* Begin PBXNativeTarget section */
		14ECC2C528F5D29100F80722 /* IphoneIpadFirebase */ = {
			isa = PBXNativeTarget;
			buildConfigurationList = 14ECC2D428F5D29400F80722 /* Build configuration list for PBXNativeTarget "IphoneIpadFirebase" */;
			buildPhases = (
				14ECC2C228F5D29100F80722 /* Sources */,
				14ECC2C328F5D29100F80722 /* Frameworks */,
				14ECC2C428F5D29100F80722 /* Resources */,
			);
			buildRules = (
			);
			dependencies = (
			);
			name = IphoneIpadFirebase;
			packageProductDependencies = (
				147850B628F5DA7D00439EBC /* FirebaseAnalytics */,
				147850B828F5DA7D00439EBC /* FirebaseAuth */,
				147850BA28F5DA7D00439EBC /* FirebaseFirestore */,
				147850BC28F5DA7D00439EBC /* FirebaseStorage */,
			);
			productName = IphoneIpadFirebase;
			productReference = 14ECC2C628F5D29100F80722 /* IphoneIpadFirebase.app */;
			productType = "com.apple.product-type.application";
		};
/* End PBXNativeTarget section */

/* Begin PBXProject section */
		14ECC2BE28F5D29100F80722 /* Project object */ = {
			isa = PBXProject;
			attributes = {
				BuildIndependentTargetsInParallel = 1;
				LastSwiftUpdateCheck = 1340;
				LastUpgradeCheck = 1340;
				TargetAttributes = {
					14ECC2C528F5D29100F80722 = {
						CreatedOnToolsVersion = 13.4.1;
					};
				};
			};
			buildConfigurationList = 14ECC2C128F5D29100F80722 /* Build configuration list for PBXProject "IphoneIpadFirebase" */;
			compatibilityVersion = "Xcode 13.0";
			developmentRegion = en;
			hasScannedForEncodings = 0;
			knownRegions = (
				en,
				Base,
			);
			mainGroup = 14ECC2BD28F5D29100F80722;
			packageReferences = (
				147850B528F5DA7D00439EBC /* XCRemoteSwiftPackageReference "firebase-ios-sdk" */,
			);
			productRefGroup = 14ECC2C728F5D29100F80722 /* Products */;
			projectDirPath = "";
			projectRoot = "";
			targets = (
				14ECC2C528F5D29100F80722 /* IphoneIpadFirebase */,
			);
		};
/* End PBXProject section */

/* Begin PBXResourcesBuildPhase section */
		14ECC2C428F5D29100F80722 /* Resources */ = {
			isa = PBXResourcesBuildPhase;
			buildActionMask = 2147483647;
			files = (
				14ECC2D128F5D29400F80722 /* Preview Assets.xcassets in Resources */,
				14ECC2CE28F5D29400F80722 /* Assets.xcassets in Resources */,
				7521B38D291E09160057DFB4 /* GoogleService-Info.plist in Resources */,
			);
			runOnlyForDeploymentPostprocessing = 0;
		};
/* End PBXResourcesBuildPhase section */

/* Begin PBXSourcesBuildPhase section */
		14ECC2C228F5D29100F80722 /* Sources */ = {
			isa = PBXSourcesBuildPhase;
			buildActionMask = 2147483647;
			files = (
				7521B390291E14C00057DFB4 /* FirebaseModel.swift in Sources */,
				147850BF28F5DAB400439EBC /* AppDelegate.swift in Sources */,
				14B71EA3291182BD00CE1371 /* CardView.swift in Sources */,
				14B71EA729119DE500CE1371 /* AddView.swift in Sources */,
				143864F528FEF81E00A91620 /* NavBar.swift in Sources */,
				7521B393291E18D80057DFB4 /* PortadaViewModel.swift in Sources */,
				147850C528F5DFF000439EBC /* Login.swift in Sources */,
				14ECC2CC28F5D29100F80722 /* ContentView.swift in Sources */,
				14ECC2CA28F5D29100F80722 /* IphoneIpadFirebaseApp.swift in Sources */,
				14731A62291ABE75006079FA /* ImagePicker.swift in Sources */,
				143864F028FEF30200A91620 /* Home.swift in Sources */,
				147850C228F5DD9600439EBC /* FirebaseViewModel.swift in Sources */,
				143864F328FEF6E300A91620 /* ButtonView.swift in Sources */,
			);
			runOnlyForDeploymentPostprocessing = 0;
		};
/* End PBXSourcesBuildPhase section */

/* Begin XCBuildConfiguration section */
		14ECC2D228F5D29400F80722 /* Debug */ = {
			isa = XCBuildConfiguration;
			buildSettings = {
				ALWAYS_SEARCH_USER_PATHS = NO;
				CLANG_ANALYZER_NONNULL = YES;
				CLANG_ANALYZER_NUMBER_OBJECT_CONVERSION = YES_AGGRESSIVE;
				CLANG_CXX_LANGUAGE_STANDARD = "gnu++17";
				CLANG_ENABLE_MODULES = YES;
				CLANG_ENABLE_OBJC_ARC = YES;
				CLANG_ENABLE_OBJC_WEAK = YES;
				CLANG_WARN_BLOCK_CAPTURE_AUTORELEASING = YES;
				CLANG_WARN_BOOL_CONVERSION = YES;
				CLANG_WARN_COMMA = YES;
				CLANG_WARN_CONSTANT_CONVERSION = YES;
				CLANG_WARN_DEPRECATED_OBJC_IMPLEMENTATIONS = YES;
				CLANG_WARN_DIRECT_OBJC_ISA_USAGE = YES_ERROR;
				CLANG_WARN_DOCUMENTATION_COMMENTS = YES;
				CLANG_WARN_EMPTY_BODY = YES;
				CLANG_WARN_ENUM_CONVERSION = YES;
				CLANG_WARN_INFINITE_RECURSION = YES;
				CLANG_WARN_INT_CONVERSION = YES;
				CLANG_WARN_NON_LITERAL_NULL_CONVERSION = YES;
				CLANG_WARN_OBJC_IMPLICIT_RETAIN_SELF = YES;
				CLANG_WARN_OBJC_LITERAL_CONVERSION = YES;
				CLANG_WARN_OBJC_ROOT_CLASS = YES_ERROR;
				CLANG_WARN_QUOTED_INCLUDE_IN_FRAMEWORK_HEADER = YES;
				CLANG_WARN_RANGE_LOOP_ANALYSIS = YES;
				CLANG_WARN_STRICT_PROTOTYPES = YES;
				CLANG_WARN_SUSPICIOUS_MOVE = YES;
				CLANG_WARN_UNGUARDED_AVAILABILITY = YES_AGGRESSIVE;
				CLANG_WARN_UNREACHABLE_CODE = YES;
				CLANG_WARN__DUPLICATE_METHOD_MATCH = YES;
				COPY_PHASE_STRIP = NO;
				DEBUG_INFORMATION_FORMAT = dwarf;
				ENABLE_STRICT_OBJC_MSGSEND = YES;
				ENABLE_TESTABILITY = YES;
				GCC_C_LANGUAGE_STANDARD = gnu11;
				GCC_DYNAMIC_NO_PIC = NO;
				GCC_NO_COMMON_BLOCKS = YES;
				GCC_OPTIMIZATION_LEVEL = 0;
				GCC_PREPROCESSOR_DEFINITIONS = (
					"DEBUG=1",
					"$(inherited)",
				);
				GCC_WARN_64_TO_32_BIT_CONVERSION = YES;
				GCC_WARN_ABOUT_RETURN_TYPE = YES_ERROR;
				GCC_WARN_UNDECLARED_SELECTOR = YES;
				GCC_WARN_UNINITIALIZED_AUTOS = YES_AGGRESSIVE;
				GCC_WARN_UNUSED_FUNCTION = YES;
				GCC_WARN_UNUSED_VARIABLE = YES;
				IPHONEOS_DEPLOYMENT_TARGET = 15.5;
				MTL_ENABLE_DEBUG_INFO = INCLUDE_SOURCE;
				MTL_FAST_MATH = YES;
				ONLY_ACTIVE_ARCH = YES;
				SDKROOT = iphoneos;
				SWIFT_ACTIVE_COMPILATION_CONDITIONS = DEBUG;
				SWIFT_OPTIMIZATION_LEVEL = "-Onone";
			};
			name = Debug;
		};
		14ECC2D328F5D29400F80722 /* Release */ = {
			isa = XCBuildConfiguration;
			buildSettings = {
				ALWAYS_SEARCH_USER_PATHS = NO;
				CLANG_ANALYZER_NONNULL = YES;
				CLANG_ANALYZER_NUMBER_OBJECT_CONVERSION = YES_AGGRESSIVE;
				CLANG_CXX_LANGUAGE_STANDARD = "gnu++17";
				CLANG_ENABLE_MODULES = YES;
				CLANG_ENABLE_OBJC_ARC = YES;
				CLANG_ENABLE_OBJC_WEAK = YES;
				CLANG_WARN_BLOCK_CAPTURE_AUTORELEASING = YES;
				CLANG_WARN_BOOL_CONVERSION = YES;
				CLANG_WARN_COMMA = YES;
				CLANG_WARN_CONSTANT_CONVERSION = YES;
				CLANG_WARN_DEPRECATED_OBJC_IMPLEMENTATIONS = YES;
				CLANG_WARN_DIRECT_OBJC_ISA_USAGE = YES_ERROR;
				CLANG_WARN_DOCUMENTATION_COMMENTS = YES;
				CLANG_WARN_EMPTY_BODY = YES;
				CLANG_WARN_ENUM_CONVERSION = YES;
				CLANG_WARN_INFINITE_RECURSION = YES;
				CLANG_WARN_INT_CONVERSION = YES;
				CLANG_WARN_NON_LITERAL_NULL_CONVERSION = YES;
				CLANG_WARN_OBJC_IMPLICIT_RETAIN_SELF = YES;
				CLANG_WARN_OBJC_LITERAL_CONVERSION = YES;
				CLANG_WARN_OBJC_ROOT_CLASS = YES_ERROR;
				CLANG_WARN_QUOTED_INCLUDE_IN_FRAMEWORK_HEADER = YES;
				CLANG_WARN_RANGE_LOOP_ANALYSIS = YES;
				CLANG_WARN_STRICT_PROTOTYPES = YES;
				CLANG_WARN_SUSPICIOUS_MOVE = YES;
				CLANG_WARN_UNGUARDED_AVAILABILITY = YES_AGGRESSIVE;
				CLANG_WARN_UNREACHABLE_CODE = YES;
				CLANG_WARN__DUPLICATE_METHOD_MATCH = YES;
				COPY_PHASE_STRIP = NO;
				DEBUG_INFORMATION_FORMAT = "dwarf-with-dsym";
				ENABLE_NS_ASSERTIONS = NO;
				ENABLE_STRICT_OBJC_MSGSEND = YES;
				GCC_C_LANGUAGE_STANDARD = gnu11;
				GCC_NO_COMMON_BLOCKS = YES;
				GCC_WARN_64_TO_32_BIT_CONVERSION = YES;
				GCC_WARN_ABOUT_RETURN_TYPE = YES_ERROR;
				GCC_WARN_UNDECLARED_SELECTOR = YES;
				GCC_WARN_UNINITIALIZED_AUTOS = YES_AGGRESSIVE;
				GCC_WARN_UNUSED_FUNCTION = YES;
				GCC_WARN_UNUSED_VARIABLE = YES;
				IPHONEOS_DEPLOYMENT_TARGET = 15.5;
				MTL_ENABLE_DEBUG_INFO = NO;
				MTL_FAST_MATH = YES;
				SDKROOT = iphoneos;
				SWIFT_COMPILATION_MODE = wholemodule;
				SWIFT_OPTIMIZATION_LEVEL = "-O";
				VALIDATE_PRODUCT = YES;
			};
			name = Release;
		};
		14ECC2D528F5D29400F80722 /* Debug */ = {
			isa = XCBuildConfiguration;
			buildSettings = {
				ASSETCATALOG_COMPILER_APPICON_NAME = AppIcon;
				ASSETCATALOG_COMPILER_GLOBAL_ACCENT_COLOR_NAME = AccentColor;
				CODE_SIGN_STYLE = Automatic;
				CURRENT_PROJECT_VERSION = 1;
				DEVELOPMENT_ASSET_PATHS = "\"IphoneIpadFirebase/Preview Content\"";
				DEVELOPMENT_TEAM = 877RJH95W7;
				ENABLE_PREVIEWS = YES;
				GENERATE_INFOPLIST_FILE = YES;
				INFOPLIST_KEY_NSDesktopFolderUsageDescription = "Usar la camara";
				INFOPLIST_KEY_NSPhotoLibraryUsageDescription = "Usar la librería";
				INFOPLIST_KEY_UIApplicationSceneManifest_Generation = YES;
				INFOPLIST_KEY_UIApplicationSupportsIndirectInputEvents = YES;
				INFOPLIST_KEY_UILaunchScreen_Generation = YES;
				INFOPLIST_KEY_UISupportedInterfaceOrientations_iPad = "UIInterfaceOrientationPortrait UIInterfaceOrientationPortraitUpsideDown UIInterfaceOrientationLandscapeLeft UIInterfaceOrientationLandscapeRight";
				INFOPLIST_KEY_UISupportedInterfaceOrientations_iPhone = "UIInterfaceOrientationPortrait UIInterfaceOrientationLandscapeLeft UIInterfaceOrientationLandscapeRight";
				LD_RUNPATH_SEARCH_PATHS = (
					"$(inherited)",
					"@executable_path/Frameworks",
				);
				MARKETING_VERSION = 1.0;
				PRODUCT_BUNDLE_IDENTIFIER = com.miguelruizhdz.IphoneIpadFirebase;
				PRODUCT_NAME = "$(TARGET_NAME)";
				SWIFT_EMIT_LOC_STRINGS = YES;
				SWIFT_VERSION = 5.0;
				TARGETED_DEVICE_FAMILY = "1,2";
			};
			name = Debug;
		};
		14ECC2D628F5D29400F80722 /* Release */ = {
			isa = XCBuildConfiguration;
			buildSettings = {
				ASSETCATALOG_COMPILER_APPICON_NAME = AppIcon;
				ASSETCATALOG_COMPILER_GLOBAL_ACCENT_COLOR_NAME = AccentColor;
				CODE_SIGN_STYLE = Automatic;
				CURRENT_PROJECT_VERSION = 1;
				DEVELOPMENT_ASSET_PATHS = "\"IphoneIpadFirebase/Preview Content\"";
				DEVELOPMENT_TEAM = 877RJH95W7;
				ENABLE_PREVIEWS = YES;
				GENERATE_INFOPLIST_FILE = YES;
				INFOPLIST_KEY_NSDesktopFolderUsageDescription = "Usar la camara";
				INFOPLIST_KEY_NSPhotoLibraryUsageDescription = "Usar la librería";
				INFOPLIST_KEY_UIApplicationSceneManifest_Generation = YES;
				INFOPLIST_KEY_UIApplicationSupportsIndirectInputEvents = YES;
				INFOPLIST_KEY_UILaunchScreen_Generation = YES;
				INFOPLIST_KEY_UISupportedInterfaceOrientations_iPad = "UIInterfaceOrientationPortrait UIInterfaceOrientationPortraitUpsideDown UIInterfaceOrientationLandscapeLeft UIInterfaceOrientationLandscapeRight";
				INFOPLIST_KEY_UISupportedInterfaceOrientations_iPhone = "UIInterfaceOrientationPortrait UIInterfaceOrientationLandscapeLeft UIInterfaceOrientationLandscapeRight";
				LD_RUNPATH_SEARCH_PATHS = (
					"$(inherited)",
					"@executable_path/Frameworks",
				);
				MARKETING_VERSION = 1.0;
				PRODUCT_BUNDLE_IDENTIFIER = com.miguelruizhdz.IphoneIpadFirebase;
				PRODUCT_NAME = "$(TARGET_NAME)";
				SWIFT_EMIT_LOC_STRINGS = YES;
				SWIFT_VERSION = 5.0;
				TARGETED_DEVICE_FAMILY = "1,2";
			};
			name = Release;
		};
/* End XCBuildConfiguration section */

/* Begin XCConfigurationList section */
		14ECC2C128F5D29100F80722 /* Build configuration list for PBXProject "IphoneIpadFirebase" */ = {
			isa = XCConfigurationList;
			buildConfigurations = (
				14ECC2D228F5D29400F80722 /* Debug */,
				14ECC2D328F5D29400F80722 /* Release */,
			);
			defaultConfigurationIsVisible = 0;
			defaultConfigurationName = Release;
		};
		14ECC2D428F5D29400F80722 /* Build configuration list for PBXNativeTarget "IphoneIpadFirebase" */ = {
			isa = XCConfigurationList;
			buildConfigurations = (
				14ECC2D528F5D29400F80722 /* Debug */,
				14ECC2D628F5D29400F80722 /* Release */,
			);
			defaultConfigurationIsVisible = 0;
			defaultConfigurationName = Release;
		};
/* End XCConfigurationList section */

/* Begin XCRemoteSwiftPackageReference section */
		147850B528F5DA7D00439EBC /* XCRemoteSwiftPackageReference "firebase-ios-sdk" */ = {
			isa = XCRemoteSwiftPackageReference;
			repositoryURL = "https://github.com/firebase/firebase-ios-sdk";
			requirement = {
				branch = master;
				kind = branch;
			};
		};
/* End XCRemoteSwiftPackageReference section */

/* Begin XCSwiftPackageProductDependency section */
		147850B628F5DA7D00439EBC /* FirebaseAnalytics */ = {
			isa = XCSwiftPackageProductDependency;
			package = 147850B528F5DA7D00439EBC /* XCRemoteSwiftPackageReference "firebase-ios-sdk" */;
			productName = FirebaseAnalytics;
		};
		147850B828F5DA7D00439EBC /* FirebaseAuth */ = {
			isa = XCSwiftPackageProductDependency;
			package = 147850B528F5DA7D00439EBC /* XCRemoteSwiftPackageReference "firebase-ios-sdk" */;
			productName = FirebaseAuth;
		};
		147850BA28F5DA7D00439EBC /* FirebaseFirestore */ = {
			isa = XCSwiftPackageProductDependency;
			package = 147850B528F5DA7D00439EBC /* XCRemoteSwiftPackageReference "firebase-ios-sdk" */;
			productName = FirebaseFirestore;
		};
		147850BC28F5DA7D00439EBC /* FirebaseStorage */ = {
			isa = XCSwiftPackageProductDependency;
			package = 147850B528F5DA7D00439EBC /* XCRemoteSwiftPackageReference "firebase-ios-sdk" */;
			productName = FirebaseStorage;
		};
/* End XCSwiftPackageProductDependency section */
	};
	rootObject = 14ECC2BE28F5D29100F80722 /* Project object */;
}
